{
  "name": "physics-3d",
  "version": "3.8.0",
  "lockfileVersion": 3,
  "requires": true,
  "packages": {
    "": {
      "name": "physics-3d",
      "version": "3.8.0",
      "dependencies": {
        "bitecs": "^0.3.40"
      }
    },
    "node_modules/bitecs": {
      "version": "0.3.40",
      "resolved": "https://registry.npmjs.org/bitecs/-/bitecs-0.3.40.tgz",
      "integrity": "sha512-wAylY4pNfX8IeIH5phtwt1lUNtHKrkoSNrArI7Ris2Y4nEQWFIVvXdgAuqprEg9bq8Wolmlj0gVfeG6MFmtI2Q==",
      "license": "MPL-2.0"
    }
  }
}
